// !$*UTF8*$!
{
	archiveVersion = 1;
	classes = {
	};
	objectVersion = 46;
	objects = {

/* Begin PBXBuildFile section */
		3A751388182F19B500BD0A9D /* CoreLocation.framework in Frameworks */ = {isa = PBXBuildFile; fileRef = 3A751387182F19B500BD0A9D /* CoreLocation.framework */; };
		EA1FC5641884E5FF00BBC1DD /* CWTestAddItemViewController.m in Sources */ = {isa = PBXBuildFile; fileRef = EA1FC5631884E5FF00BBC1DD /* CWTestAddItemViewController.m */; };
		EA1FC5661884E8C400BBC1DD /* Parse.framework in Frameworks */ = {isa = PBXBuildFile; fileRef = EA1FC5651884E8C400BBC1DD /* Parse.framework */; };
		EA1FC5681884E8FC00BBC1DD /* AudioToolbox.framework in Frameworks */ = {isa = PBXBuildFile; fileRef = EA1FC5671884E8FC00BBC1DD /* AudioToolbox.framework */; };
		EA1FC56A1884E90400BBC1DD /* CFNetwork.framework in Frameworks */ = {isa = PBXBuildFile; fileRef = EA1FC5691884E90400BBC1DD /* CFNetwork.framework */; };
		EA1FC56C1884E91A00BBC1DD /* libz.1.1.3.dylib in Frameworks */ = {isa = PBXBuildFile; fileRef = EA1FC56B1884E91A00BBC1DD /* libz.1.1.3.dylib */; };
		EA1FC56E1884E92600BBC1DD /* QuartzCore.framework in Frameworks */ = {isa = PBXBuildFile; fileRef = EA1FC56D1884E92600BBC1DD /* QuartzCore.framework */; };
		EA1FC5701884E92F00BBC1DD /* Security.framework in Frameworks */ = {isa = PBXBuildFile; fileRef = EA1FC56F1884E92F00BBC1DD /* Security.framework */; };
		EA1FC5721884E93B00BBC1DD /* StoreKit.framework in Frameworks */ = {isa = PBXBuildFile; fileRef = EA1FC5711884E93B00BBC1DD /* StoreKit.framework */; };
		EA1FC5751884ED4D00BBC1DD /* CWStartScreenViewController.m in Sources */ = {isa = PBXBuildFile; fileRef = EA1FC5741884ED4D00BBC1DD /* CWStartScreenViewController.m */; };
		EA1FC5781884EDAE00BBC1DD /* CWLoginViewController.m in Sources */ = {isa = PBXBuildFile; fileRef = EA1FC5771884EDAE00BBC1DD /* CWLoginViewController.m */; };
		EA1FC57B1884EDBC00BBC1DD /* CWSignUpViewController.m in Sources */ = {isa = PBXBuildFile; fileRef = EA1FC57A1884EDBC00BBC1DD /* CWSignUpViewController.m */; };
		EA3C9AB31876813400FD205F /* CWTestViewController.m in Sources */ = {isa = PBXBuildFile; fileRef = EA3C9AB21876813400FD205F /* CWTestViewController.m */; };
		EA3C9AB51876815500FD205F /* Test.storyboard in Resources */ = {isa = PBXBuildFile; fileRef = EA3C9AB41876815500FD205F /* Test.storyboard */; };
		EA3C9AB8187687A100FD205F /* CWClosetDataSource.m in Sources */ = {isa = PBXBuildFile; fileRef = EA3C9AB7187687A100FD205F /* CWClosetDataSource.m */; };
		EA3C9ABB187687CC00FD205F /* CWItem.m in Sources */ = {isa = PBXBuildFile; fileRef = EA3C9ABA187687CC00FD205F /* CWItem.m */; };
		EA3C9ABE187687EA00FD205F /* CWScore.m in Sources */ = {isa = PBXBuildFile; fileRef = EA3C9ABD187687EA00FD205F /* CWScore.m */; };
		EA3C9AC11876881B00FD205F /* CWCondition.m in Sources */ = {isa = PBXBuildFile; fileRef = EA3C9AC01876881B00FD205F /* CWCondition.m */; };
		EA6AF9ED188F5A7A0080ADDE /* jacket.png in Resources */ = {isa = PBXBuildFile; fileRef = EA6AF9EC188F5A7A0080ADDE /* jacket.png */; };
		EA6EA97A182F0123002B063E /* Foundation.framework in Frameworks */ = {isa = PBXBuildFile; fileRef = EA6EA979182F0123002B063E /* Foundation.framework */; };
		EA6EA97C182F0123002B063E /* CoreGraphics.framework in Frameworks */ = {isa = PBXBuildFile; fileRef = EA6EA97B182F0123002B063E /* CoreGraphics.framework */; };
		EA6EA97E182F0123002B063E /* UIKit.framework in Frameworks */ = {isa = PBXBuildFile; fileRef = EA6EA97D182F0123002B063E /* UIKit.framework */; };
		EA6EA984182F0123002B063E /* InfoPlist.strings in Resources */ = {isa = PBXBuildFile; fileRef = EA6EA982182F0123002B063E /* InfoPlist.strings */; };
		EA6EA986182F0123002B063E /* main.m in Sources */ = {isa = PBXBuildFile; fileRef = EA6EA985182F0123002B063E /* main.m */; };
		EA6EA98A182F0123002B063E /* AppDelegate.m in Sources */ = {isa = PBXBuildFile; fileRef = EA6EA989182F0123002B063E /* AppDelegate.m */; };
		EA6EA98D182F0123002B063E /* Main.storyboard in Resources */ = {isa = PBXBuildFile; fileRef = EA6EA98B182F0123002B063E /* Main.storyboard */; };
		EA6EA992182F0123002B063E /* Images.xcassets in Resources */ = {isa = PBXBuildFile; fileRef = EA6EA991182F0123002B063E /* Images.xcassets */; };
		EA6EA999182F0124002B063E /* XCTest.framework in Frameworks */ = {isa = PBXBuildFile; fileRef = EA6EA998182F0124002B063E /* XCTest.framework */; };
		EA6EA99A182F0124002B063E /* Foundation.framework in Frameworks */ = {isa = PBXBuildFile; fileRef = EA6EA979182F0123002B063E /* Foundation.framework */; };
		EA6EA99B182F0124002B063E /* UIKit.framework in Frameworks */ = {isa = PBXBuildFile; fileRef = EA6EA97D182F0123002B063E /* UIKit.framework */; };
		EA6EA9A3182F0124002B063E /* InfoPlist.strings in Resources */ = {isa = PBXBuildFile; fileRef = EA6EA9A1182F0124002B063E /* InfoPlist.strings */; };
		EA6EA9A5182F0124002B063E /* weather_retryTests.m in Sources */ = {isa = PBXBuildFile; fileRef = EA6EA9A4182F0124002B063E /* weather_retryTests.m */; };
		EA6EA9C2182F0CAB002B063E /* AFHTTPClient.m in Sources */ = {isa = PBXBuildFile; fileRef = EA6EA9B0182F0CAB002B063E /* AFHTTPClient.m */; };
		EA6EA9C3182F0CAB002B063E /* AFHTTPRequestOperation.m in Sources */ = {isa = PBXBuildFile; fileRef = EA6EA9B2182F0CAB002B063E /* AFHTTPRequestOperation.m */; };
		EA6EA9C4182F0CAB002B063E /* AFImageRequestOperation.m in Sources */ = {isa = PBXBuildFile; fileRef = EA6EA9B4182F0CAB002B063E /* AFImageRequestOperation.m */; };
		EA6EA9C5182F0CAB002B063E /* AFJSONRequestOperation.m in Sources */ = {isa = PBXBuildFile; fileRef = EA6EA9B6182F0CAB002B063E /* AFJSONRequestOperation.m */; };
		EA6EA9C6182F0CAB002B063E /* AFNetworkActivityIndicatorManager.m in Sources */ = {isa = PBXBuildFile; fileRef = EA6EA9B8182F0CAB002B063E /* AFNetworkActivityIndicatorManager.m */; };
		EA6EA9C7182F0CAB002B063E /* AFPropertyListRequestOperation.m in Sources */ = {isa = PBXBuildFile; fileRef = EA6EA9BB182F0CAB002B063E /* AFPropertyListRequestOperation.m */; };
		EA6EA9C8182F0CAB002B063E /* AFURLConnectionOperation.m in Sources */ = {isa = PBXBuildFile; fileRef = EA6EA9BD182F0CAB002B063E /* AFURLConnectionOperation.m */; };
		EA6EA9C9182F0CAB002B063E /* AFXMLRequestOperation.m in Sources */ = {isa = PBXBuildFile; fileRef = EA6EA9BF182F0CAB002B063E /* AFXMLRequestOperation.m */; };
		EA6EA9CA182F0CAB002B063E /* UIImageView+AFNetworking.m in Sources */ = {isa = PBXBuildFile; fileRef = EA6EA9C1182F0CAB002B063E /* UIImageView+AFNetworking.m */; };
		EA6EA9CD182F0D5F002B063E /* ForecastKit.m in Sources */ = {isa = PBXBuildFile; fileRef = EA6EA9CC182F0D5F002B063E /* ForecastKit.m */; };
		EA6EA9D0182F0DC6002B063E /* FKViewController.m in Sources */ = {isa = PBXBuildFile; fileRef = EA6EA9CF182F0DC6002B063E /* FKViewController.m */; };
		EA6EA9D2182F0FC9002B063E /* MobileCoreServices.framework in Frameworks */ = {isa = PBXBuildFile; fileRef = EA6EA9D1182F0FC9002B063E /* MobileCoreServices.framework */; };
		EA6EA9D4182F0FD9002B063E /* SystemConfiguration.framework in Frameworks */ = {isa = PBXBuildFile; fileRef = EA6EA9D3182F0FD9002B063E /* SystemConfiguration.framework */; };
		EAA32FFA1831081F00888B9E /* ForecastDataSource.m in Sources */ = {isa = PBXBuildFile; fileRef = EAA32FF91831081F00888B9E /* ForecastDataSource.m */; };
		EAAD63181885FDBE005E619C /* CWClosetViewController.m in Sources */ = {isa = PBXBuildFile; fileRef = EAAD63171885FDBE005E619C /* CWClosetViewController.m */; };
		EAAD63201885FED9005E619C /* CWClosetCell.m in Sources */ = {isa = PBXBuildFile; fileRef = EAAD631F1885FED9005E619C /* CWClosetCell.m */; };
		EAAD6323188600A2005E619C /* ParseDataSource.m in Sources */ = {isa = PBXBuildFile; fileRef = EAAD6322188600A2005E619C /* ParseDataSource.m */; };
		EAAD632518862C3D005E619C /* Podfile in Resources */ = {isa = PBXBuildFile; fileRef = EAAD632418862C3D005E619C /* Podfile */; };
		EAAD647E188638D0005E619C /* Mixpanel.m in Sources */ = {isa = PBXBuildFile; fileRef = EAAD646D188638D0005E619C /* Mixpanel.m */; };
		EAAD647F188638D0005E619C /* MPSurvey.m in Sources */ = {isa = PBXBuildFile; fileRef = EAAD646F188638D0005E619C /* MPSurvey.m */; };
		EAAD6480188638D0005E619C /* MPSurveyNavigationController.m in Sources */ = {isa = PBXBuildFile; fileRef = EAAD6471188638D0005E619C /* MPSurveyNavigationController.m */; };
		EAAD6481188638D0005E619C /* MPSurveyQuestion.m in Sources */ = {isa = PBXBuildFile; fileRef = EAAD6473188638D0005E619C /* MPSurveyQuestion.m */; };
		EAAD6482188638D0005E619C /* MPSurveyQuestionViewController.m in Sources */ = {isa = PBXBuildFile; fileRef = EAAD6475188638D0005E619C /* MPSurveyQuestionViewController.m */; };
		EAAD6483188638D0005E619C /* NSData+MPBase64.m in Sources */ = {isa = PBXBuildFile; fileRef = EAAD6477188638D0005E619C /* NSData+MPBase64.m */; };
		EAAD6484188638D0005E619C /* UIImage+MPAverageColor.m in Sources */ = {isa = PBXBuildFile; fileRef = EAAD6479188638D0005E619C /* UIImage+MPAverageColor.m */; };
		EAAD6485188638D0005E619C /* UIImage+MPImageEffects.m in Sources */ = {isa = PBXBuildFile; fileRef = EAAD647B188638D0005E619C /* UIImage+MPImageEffects.m */; };
		EAAD6486188638D0005E619C /* UIView+MPSnapshotImage.m in Sources */ = {isa = PBXBuildFile; fileRef = EAAD647D188638D0005E619C /* UIView+MPSnapshotImage.m */; };
		EABB2C92188DEE2E0005CBCF /* CWViewController.m in Sources */ = {isa = PBXBuildFile; fileRef = EABB2C91188DEE2E0005CBCF /* CWViewController.m */; };
		EABB2C95188DFBE10005CBCF /* icon.png in Resources */ = {isa = PBXBuildFile; fileRef = EABB2C93188DFBE10005CBCF /* icon.png */; };
		EABB2C96188DFBE10005CBCF /* icon@2x.png in Resources */ = {isa = PBXBuildFile; fileRef = EABB2C94188DFBE10005CBCF /* icon@2x.png */; };
		EABB2C98188E251F0005CBCF /* t-shirt.png in Resources */ = {isa = PBXBuildFile; fileRef = EABB2C97188E251F0005CBCF /* t-shirt.png */; };
		EABB2C9A188E27B90005CBCF /* long-sleeve.png in Resources */ = {isa = PBXBuildFile; fileRef = EABB2C99188E27B90005CBCF /* long-sleeve.png */; };
		EABB2C9D188E326C0005CBCF /* pants.png in Resources */ = {isa = PBXBuildFile; fileRef = EABB2C9B188E326C0005CBCF /* pants.png */; };
		EABB2C9E188E326C0005CBCF /* shorts.png in Resources */ = {isa = PBXBuildFile; fileRef = EABB2C9C188E326C0005CBCF /* shorts.png */; };
		EAED67B41886A7C700DF637A /* cwrough.png in Resources */ = {isa = PBXBuildFile; fileRef = EAED67B31886A7C700DF637A /* cwrough.png */; };
		EAED67B61886A8A800DF637A /* corner.png in Resources */ = {isa = PBXBuildFile; fileRef = EAED67B51886A8A800DF637A /* corner.png */; };
		EAED67B81886A92F00DF637A /* corner2.png in Resources */ = {isa = PBXBuildFile; fileRef = EAED67B71886A92F00DF637A /* corner2.png */; };
/* End PBXBuildFile section */

/* Begin PBXContainerItemProxy section */
		EA6EA99C182F0124002B063E /* PBXContainerItemProxy */ = {
			isa = PBXContainerItemProxy;
			containerPortal = EA6EA96E182F0123002B063E /* Project object */;
			proxyType = 1;
			remoteGlobalIDString = EA6EA975182F0123002B063E;
			remoteInfo = "weather-retry";
		};
/* End PBXContainerItemProxy section */

/* Begin PBXFileReference section */
		3A751387182F19B500BD0A9D /* CoreLocation.framework */ = {isa = PBXFileReference; lastKnownFileType = wrapper.framework; name = CoreLocation.framework; path = System/Library/Frameworks/CoreLocation.framework; sourceTree = SDKROOT; };
		EA1FC5621884E5FF00BBC1DD /* CWTestAddItemViewController.h */ = {isa = PBXFileReference; fileEncoding = 4; lastKnownFileType = sourcecode.c.h; path = CWTestAddItemViewController.h; sourceTree = "<group>"; };
		EA1FC5631884E5FF00BBC1DD /* CWTestAddItemViewController.m */ = {isa = PBXFileReference; fileEncoding = 4; lastKnownFileType = sourcecode.c.objc; path = CWTestAddItemViewController.m; sourceTree = "<group>"; };
		EA1FC5651884E8C400BBC1DD /* Parse.framework */ = {isa = PBXFileReference; lastKnownFileType = wrapper.framework; path = Parse.framework; sourceTree = "<group>"; };
		EA1FC5671884E8FC00BBC1DD /* AudioToolbox.framework */ = {isa = PBXFileReference; lastKnownFileType = wrapper.framework; name = AudioToolbox.framework; path = System/Library/Frameworks/AudioToolbox.framework; sourceTree = SDKROOT; };
		EA1FC5691884E90400BBC1DD /* CFNetwork.framework */ = {isa = PBXFileReference; lastKnownFileType = wrapper.framework; name = CFNetwork.framework; path = System/Library/Frameworks/CFNetwork.framework; sourceTree = SDKROOT; };
		EA1FC56B1884E91A00BBC1DD /* libz.1.1.3.dylib */ = {isa = PBXFileReference; lastKnownFileType = "compiled.mach-o.dylib"; name = libz.1.1.3.dylib; path = usr/lib/libz.1.1.3.dylib; sourceTree = SDKROOT; };
		EA1FC56D1884E92600BBC1DD /* QuartzCore.framework */ = {isa = PBXFileReference; lastKnownFileType = wrapper.framework; name = QuartzCore.framework; path = System/Library/Frameworks/QuartzCore.framework; sourceTree = SDKROOT; };
		EA1FC56F1884E92F00BBC1DD /* Security.framework */ = {isa = PBXFileReference; lastKnownFileType = wrapper.framework; name = Security.framework; path = System/Library/Frameworks/Security.framework; sourceTree = SDKROOT; };
		EA1FC5711884E93B00BBC1DD /* StoreKit.framework */ = {isa = PBXFileReference; lastKnownFileType = wrapper.framework; name = StoreKit.framework; path = System/Library/Frameworks/StoreKit.framework; sourceTree = SDKROOT; };
		EA1FC5731884ED4D00BBC1DD /* CWStartScreenViewController.h */ = {isa = PBXFileReference; fileEncoding = 4; lastKnownFileType = sourcecode.c.h; path = CWStartScreenViewController.h; sourceTree = "<group>"; };
		EA1FC5741884ED4D00BBC1DD /* CWStartScreenViewController.m */ = {isa = PBXFileReference; fileEncoding = 4; lastKnownFileType = sourcecode.c.objc; path = CWStartScreenViewController.m; sourceTree = "<group>"; };
		EA1FC5761884EDAE00BBC1DD /* CWLoginViewController.h */ = {isa = PBXFileReference; fileEncoding = 4; lastKnownFileType = sourcecode.c.h; path = CWLoginViewController.h; sourceTree = "<group>"; };
		EA1FC5771884EDAE00BBC1DD /* CWLoginViewController.m */ = {isa = PBXFileReference; fileEncoding = 4; lastKnownFileType = sourcecode.c.objc; path = CWLoginViewController.m; sourceTree = "<group>"; };
		EA1FC5791884EDBC00BBC1DD /* CWSignUpViewController.h */ = {isa = PBXFileReference; fileEncoding = 4; lastKnownFileType = sourcecode.c.h; path = CWSignUpViewController.h; sourceTree = "<group>"; };
		EA1FC57A1884EDBC00BBC1DD /* CWSignUpViewController.m */ = {isa = PBXFileReference; fileEncoding = 4; lastKnownFileType = sourcecode.c.objc; path = CWSignUpViewController.m; sourceTree = "<group>"; };
		EA3C9AB11876813400FD205F /* CWTestViewController.h */ = {isa = PBXFileReference; fileEncoding = 4; lastKnownFileType = sourcecode.c.h; path = CWTestViewController.h; sourceTree = SOURCE_ROOT; };
		EA3C9AB21876813400FD205F /* CWTestViewController.m */ = {isa = PBXFileReference; fileEncoding = 4; lastKnownFileType = sourcecode.c.objc; path = CWTestViewController.m; sourceTree = SOURCE_ROOT; };
		EA3C9AB41876815500FD205F /* Test.storyboard */ = {isa = PBXFileReference; fileEncoding = 4; lastKnownFileType = file.storyboard; path = Test.storyboard; sourceTree = "<group>"; };
		EA3C9AB6187687A100FD205F /* CWClosetDataSource.h */ = {isa = PBXFileReference; fileEncoding = 4; lastKnownFileType = sourcecode.c.h; path = CWClosetDataSource.h; sourceTree = "<group>"; };
		EA3C9AB7187687A100FD205F /* CWClosetDataSource.m */ = {isa = PBXFileReference; fileEncoding = 4; lastKnownFileType = sourcecode.c.objc; path = CWClosetDataSource.m; sourceTree = "<group>"; };
		EA3C9AB9187687CC00FD205F /* CWItem.h */ = {isa = PBXFileReference; fileEncoding = 4; lastKnownFileType = sourcecode.c.h; path = CWItem.h; sourceTree = "<group>"; };
		EA3C9ABA187687CC00FD205F /* CWItem.m */ = {isa = PBXFileReference; fileEncoding = 4; lastKnownFileType = sourcecode.c.objc; path = CWItem.m; sourceTree = "<group>"; };
		EA3C9ABC187687EA00FD205F /* CWScore.h */ = {isa = PBXFileReference; fileEncoding = 4; lastKnownFileType = sourcecode.c.h; path = CWScore.h; sourceTree = "<group>"; };
		EA3C9ABD187687EA00FD205F /* CWScore.m */ = {isa = PBXFileReference; fileEncoding = 4; lastKnownFileType = sourcecode.c.objc; path = CWScore.m; sourceTree = "<group>"; };
		EA3C9ABF1876881B00FD205F /* CWCondition.h */ = {isa = PBXFileReference; fileEncoding = 4; lastKnownFileType = sourcecode.c.h; path = CWCondition.h; sourceTree = "<group>"; };
		EA3C9AC01876881B00FD205F /* CWCondition.m */ = {isa = PBXFileReference; fileEncoding = 4; lastKnownFileType = sourcecode.c.objc; path = CWCondition.m; sourceTree = "<group>"; };
		EA6AF9EC188F5A7A0080ADDE /* jacket.png */ = {isa = PBXFileReference; lastKnownFileType = image.png; path = jacket.png; sourceTree = "<group>"; };
		EA6EA976182F0123002B063E /* weather-retry.app */ = {isa = PBXFileReference; explicitFileType = wrapper.application; includeInIndex = 0; path = "weather-retry.app"; sourceTree = BUILT_PRODUCTS_DIR; };
		EA6EA979182F0123002B063E /* Foundation.framework */ = {isa = PBXFileReference; lastKnownFileType = wrapper.framework; name = Foundation.framework; path = System/Library/Frameworks/Foundation.framework; sourceTree = SDKROOT; };
		EA6EA97B182F0123002B063E /* CoreGraphics.framework */ = {isa = PBXFileReference; lastKnownFileType = wrapper.framework; name = CoreGraphics.framework; path = System/Library/Frameworks/CoreGraphics.framework; sourceTree = SDKROOT; };
		EA6EA97D182F0123002B063E /* UIKit.framework */ = {isa = PBXFileReference; lastKnownFileType = wrapper.framework; name = UIKit.framework; path = System/Library/Frameworks/UIKit.framework; sourceTree = SDKROOT; };
		EA6EA981182F0123002B063E /* weather-retry-Info.plist */ = {isa = PBXFileReference; lastKnownFileType = text.plist.xml; path = "weather-retry-Info.plist"; sourceTree = "<group>"; };
		EA6EA983182F0123002B063E /* en */ = {isa = PBXFileReference; lastKnownFileType = text.plist.strings; name = en; path = en.lproj/InfoPlist.strings; sourceTree = "<group>"; };
		EA6EA985182F0123002B063E /* main.m */ = {isa = PBXFileReference; lastKnownFileType = sourcecode.c.objc; path = main.m; sourceTree = "<group>"; };
		EA6EA987182F0123002B063E /* weather-retry-Prefix.pch */ = {isa = PBXFileReference; lastKnownFileType = sourcecode.c.h; path = "weather-retry-Prefix.pch"; sourceTree = "<group>"; };
		EA6EA988182F0123002B063E /* AppDelegate.h */ = {isa = PBXFileReference; lastKnownFileType = sourcecode.c.h; path = AppDelegate.h; sourceTree = "<group>"; };
		EA6EA989182F0123002B063E /* AppDelegate.m */ = {isa = PBXFileReference; lastKnownFileType = sourcecode.c.objc; path = AppDelegate.m; sourceTree = "<group>"; };
		EA6EA98C182F0123002B063E /* Base */ = {isa = PBXFileReference; lastKnownFileType = file.storyboard; name = Base; path = Base.lproj/Main.storyboard; sourceTree = "<group>"; };
		EA6EA991182F0123002B063E /* Images.xcassets */ = {isa = PBXFileReference; lastKnownFileType = folder.assetcatalog; path = Images.xcassets; sourceTree = "<group>"; };
		EA6EA997182F0124002B063E /* weather-retryTests.xctest */ = {isa = PBXFileReference; explicitFileType = wrapper.cfbundle; includeInIndex = 0; path = "weather-retryTests.xctest"; sourceTree = BUILT_PRODUCTS_DIR; };
		EA6EA998182F0124002B063E /* XCTest.framework */ = {isa = PBXFileReference; lastKnownFileType = wrapper.framework; name = XCTest.framework; path = Library/Frameworks/XCTest.framework; sourceTree = DEVELOPER_DIR; };
		EA6EA9A0182F0124002B063E /* weather-retryTests-Info.plist */ = {isa = PBXFileReference; lastKnownFileType = text.plist.xml; path = "weather-retryTests-Info.plist"; sourceTree = "<group>"; };
		EA6EA9A2182F0124002B063E /* en */ = {isa = PBXFileReference; lastKnownFileType = text.plist.strings; name = en; path = en.lproj/InfoPlist.strings; sourceTree = "<group>"; };
		EA6EA9A4182F0124002B063E /* weather_retryTests.m */ = {isa = PBXFileReference; lastKnownFileType = sourcecode.c.objc; path = weather_retryTests.m; sourceTree = "<group>"; };
		EA6EA9AF182F0CAB002B063E /* AFHTTPClient.h */ = {isa = PBXFileReference; fileEncoding = 4; lastKnownFileType = sourcecode.c.h; path = AFHTTPClient.h; sourceTree = "<group>"; };
		EA6EA9B0182F0CAB002B063E /* AFHTTPClient.m */ = {isa = PBXFileReference; fileEncoding = 4; lastKnownFileType = sourcecode.c.objc; path = AFHTTPClient.m; sourceTree = "<group>"; };
		EA6EA9B1182F0CAB002B063E /* AFHTTPRequestOperation.h */ = {isa = PBXFileReference; fileEncoding = 4; lastKnownFileType = sourcecode.c.h; path = AFHTTPRequestOperation.h; sourceTree = "<group>"; };
		EA6EA9B2182F0CAB002B063E /* AFHTTPRequestOperation.m */ = {isa = PBXFileReference; fileEncoding = 4; lastKnownFileType = sourcecode.c.objc; path = AFHTTPRequestOperation.m; sourceTree = "<group>"; };
		EA6EA9B3182F0CAB002B063E /* AFImageRequestOperation.h */ = {isa = PBXFileReference; fileEncoding = 4; lastKnownFileType = sourcecode.c.h; path = AFImageRequestOperation.h; sourceTree = "<group>"; };
		EA6EA9B4182F0CAB002B063E /* AFImageRequestOperation.m */ = {isa = PBXFileReference; fileEncoding = 4; lastKnownFileType = sourcecode.c.objc; path = AFImageRequestOperation.m; sourceTree = "<group>"; };
		EA6EA9B5182F0CAB002B063E /* AFJSONRequestOperation.h */ = {isa = PBXFileReference; fileEncoding = 4; lastKnownFileType = sourcecode.c.h; path = AFJSONRequestOperation.h; sourceTree = "<group>"; };
		EA6EA9B6182F0CAB002B063E /* AFJSONRequestOperation.m */ = {isa = PBXFileReference; fileEncoding = 4; lastKnownFileType = sourcecode.c.objc; path = AFJSONRequestOperation.m; sourceTree = "<group>"; };
		EA6EA9B7182F0CAB002B063E /* AFNetworkActivityIndicatorManager.h */ = {isa = PBXFileReference; fileEncoding = 4; lastKnownFileType = sourcecode.c.h; path = AFNetworkActivityIndicatorManager.h; sourceTree = "<group>"; };
		EA6EA9B8182F0CAB002B063E /* AFNetworkActivityIndicatorManager.m */ = {isa = PBXFileReference; fileEncoding = 4; lastKnownFileType = sourcecode.c.objc; path = AFNetworkActivityIndicatorManager.m; sourceTree = "<group>"; };
		EA6EA9B9182F0CAB002B063E /* AFNetworking.h */ = {isa = PBXFileReference; fileEncoding = 4; lastKnownFileType = sourcecode.c.h; path = AFNetworking.h; sourceTree = "<group>"; };
		EA6EA9BA182F0CAB002B063E /* AFPropertyListRequestOperation.h */ = {isa = PBXFileReference; fileEncoding = 4; lastKnownFileType = sourcecode.c.h; path = AFPropertyListRequestOperation.h; sourceTree = "<group>"; };
		EA6EA9BB182F0CAB002B063E /* AFPropertyListRequestOperation.m */ = {isa = PBXFileReference; fileEncoding = 4; lastKnownFileType = sourcecode.c.objc; path = AFPropertyListRequestOperation.m; sourceTree = "<group>"; };
		EA6EA9BC182F0CAB002B063E /* AFURLConnectionOperation.h */ = {isa = PBXFileReference; fileEncoding = 4; lastKnownFileType = sourcecode.c.h; path = AFURLConnectionOperation.h; sourceTree = "<group>"; };
		EA6EA9BD182F0CAB002B063E /* AFURLConnectionOperation.m */ = {isa = PBXFileReference; fileEncoding = 4; lastKnownFileType = sourcecode.c.objc; path = AFURLConnectionOperation.m; sourceTree = "<group>"; };
		EA6EA9BE182F0CAB002B063E /* AFXMLRequestOperation.h */ = {isa = PBXFileReference; fileEncoding = 4; lastKnownFileType = sourcecode.c.h; path = AFXMLRequestOperation.h; sourceTree = "<group>"; };
		EA6EA9BF182F0CAB002B063E /* AFXMLRequestOperation.m */ = {isa = PBXFileReference; fileEncoding = 4; lastKnownFileType = sourcecode.c.objc; path = AFXMLRequestOperation.m; sourceTree = "<group>"; };
		EA6EA9C0182F0CAB002B063E /* UIImageView+AFNetworking.h */ = {isa = PBXFileReference; fileEncoding = 4; lastKnownFileType = sourcecode.c.h; path = "UIImageView+AFNetworking.h"; sourceTree = "<group>"; };
		EA6EA9C1182F0CAB002B063E /* UIImageView+AFNetworking.m */ = {isa = PBXFileReference; fileEncoding = 4; lastKnownFileType = sourcecode.c.objc; path = "UIImageView+AFNetworking.m"; sourceTree = "<group>"; };
		EA6EA9CB182F0D5F002B063E /* ForecastKit.h */ = {isa = PBXFileReference; fileEncoding = 4; lastKnownFileType = sourcecode.c.h; path = ForecastKit.h; sourceTree = "<group>"; };
		EA6EA9CC182F0D5F002B063E /* ForecastKit.m */ = {isa = PBXFileReference; fileEncoding = 4; lastKnownFileType = sourcecode.c.objc; path = ForecastKit.m; sourceTree = "<group>"; };
		EA6EA9CE182F0DC6002B063E /* FKViewController.h */ = {isa = PBXFileReference; fileEncoding = 4; lastKnownFileType = sourcecode.c.h; path = FKViewController.h; sourceTree = "<group>"; };
		EA6EA9CF182F0DC6002B063E /* FKViewController.m */ = {isa = PBXFileReference; fileEncoding = 4; lastKnownFileType = sourcecode.c.objc; path = FKViewController.m; sourceTree = "<group>"; };
		EA6EA9D1182F0FC9002B063E /* MobileCoreServices.framework */ = {isa = PBXFileReference; lastKnownFileType = wrapper.framework; name = MobileCoreServices.framework; path = System/Library/Frameworks/MobileCoreServices.framework; sourceTree = SDKROOT; };
		EA6EA9D3182F0FD9002B063E /* SystemConfiguration.framework */ = {isa = PBXFileReference; lastKnownFileType = wrapper.framework; name = SystemConfiguration.framework; path = System/Library/Frameworks/SystemConfiguration.framework; sourceTree = SDKROOT; };
		EAA32FF81831081F00888B9E /* ForecastDataSource.h */ = {isa = PBXFileReference; fileEncoding = 4; lastKnownFileType = sourcecode.c.h; path = ForecastDataSource.h; sourceTree = "<group>"; };
		EAA32FF91831081F00888B9E /* ForecastDataSource.m */ = {isa = PBXFileReference; fileEncoding = 4; lastKnownFileType = sourcecode.c.objc; path = ForecastDataSource.m; sourceTree = "<group>"; };
		EAAD63161885FDBE005E619C /* CWClosetViewController.h */ = {isa = PBXFileReference; fileEncoding = 4; lastKnownFileType = sourcecode.c.h; path = CWClosetViewController.h; sourceTree = "<group>"; };
		EAAD63171885FDBE005E619C /* CWClosetViewController.m */ = {isa = PBXFileReference; fileEncoding = 4; lastKnownFileType = sourcecode.c.objc; path = CWClosetViewController.m; sourceTree = "<group>"; };
		EAAD631E1885FED9005E619C /* CWClosetCell.h */ = {isa = PBXFileReference; fileEncoding = 4; lastKnownFileType = sourcecode.c.h; path = CWClosetCell.h; sourceTree = "<group>"; };
		EAAD631F1885FED9005E619C /* CWClosetCell.m */ = {isa = PBXFileReference; fileEncoding = 4; lastKnownFileType = sourcecode.c.objc; path = CWClosetCell.m; sourceTree = "<group>"; };
		EAAD6321188600A2005E619C /* ParseDataSource.h */ = {isa = PBXFileReference; fileEncoding = 4; lastKnownFileType = sourcecode.c.h; path = ParseDataSource.h; sourceTree = "<group>"; };
		EAAD6322188600A2005E619C /* ParseDataSource.m */ = {isa = PBXFileReference; fileEncoding = 4; lastKnownFileType = sourcecode.c.objc; path = ParseDataSource.m; sourceTree = "<group>"; };
		EAAD632418862C3D005E619C /* Podfile */ = {isa = PBXFileReference; fileEncoding = 4; lastKnownFileType = text; path = Podfile; sourceTree = "<group>"; };
		EAAD646C188638D0005E619C /* Mixpanel.h */ = {isa = PBXFileReference; fileEncoding = 4; lastKnownFileType = sourcecode.c.h; path = Mixpanel.h; sourceTree = "<group>"; };
		EAAD646D188638D0005E619C /* Mixpanel.m */ = {isa = PBXFileReference; fileEncoding = 4; lastKnownFileType = sourcecode.c.objc; path = Mixpanel.m; sourceTree = "<group>"; };
		EAAD646E188638D0005E619C /* MPSurvey.h */ = {isa = PBXFileReference; fileEncoding = 4; lastKnownFileType = sourcecode.c.h; path = MPSurvey.h; sourceTree = "<group>"; };
		EAAD646F188638D0005E619C /* MPSurvey.m */ = {isa = PBXFileReference; fileEncoding = 4; lastKnownFileType = sourcecode.c.objc; path = MPSurvey.m; sourceTree = "<group>"; };
		EAAD6470188638D0005E619C /* MPSurveyNavigationController.h */ = {isa = PBXFileReference; fileEncoding = 4; lastKnownFileType = sourcecode.c.h; path = MPSurveyNavigationController.h; sourceTree = "<group>"; };
		EAAD6471188638D0005E619C /* MPSurveyNavigationController.m */ = {isa = PBXFileReference; fileEncoding = 4; lastKnownFileType = sourcecode.c.objc; path = MPSurveyNavigationController.m; sourceTree = "<group>"; };
		EAAD6472188638D0005E619C /* MPSurveyQuestion.h */ = {isa = PBXFileReference; fileEncoding = 4; lastKnownFileType = sourcecode.c.h; path = MPSurveyQuestion.h; sourceTree = "<group>"; };
		EAAD6473188638D0005E619C /* MPSurveyQuestion.m */ = {isa = PBXFileReference; fileEncoding = 4; lastKnownFileType = sourcecode.c.objc; path = MPSurveyQuestion.m; sourceTree = "<group>"; };
		EAAD6474188638D0005E619C /* MPSurveyQuestionViewController.h */ = {isa = PBXFileReference; fileEncoding = 4; lastKnownFileType = sourcecode.c.h; path = MPSurveyQuestionViewController.h; sourceTree = "<group>"; };
		EAAD6475188638D0005E619C /* MPSurveyQuestionViewController.m */ = {isa = PBXFileReference; fileEncoding = 4; lastKnownFileType = sourcecode.c.objc; path = MPSurveyQuestionViewController.m; sourceTree = "<group>"; };
		EAAD6476188638D0005E619C /* NSData+MPBase64.h */ = {isa = PBXFileReference; fileEncoding = 4; lastKnownFileType = sourcecode.c.h; path = "NSData+MPBase64.h"; sourceTree = "<group>"; };
		EAAD6477188638D0005E619C /* NSData+MPBase64.m */ = {isa = PBXFileReference; fileEncoding = 4; lastKnownFileType = sourcecode.c.objc; path = "NSData+MPBase64.m"; sourceTree = "<group>"; };
		EAAD6478188638D0005E619C /* UIImage+MPAverageColor.h */ = {isa = PBXFileReference; fileEncoding = 4; lastKnownFileType = sourcecode.c.h; path = "UIImage+MPAverageColor.h"; sourceTree = "<group>"; };
		EAAD6479188638D0005E619C /* UIImage+MPAverageColor.m */ = {isa = PBXFileReference; fileEncoding = 4; lastKnownFileType = sourcecode.c.objc; path = "UIImage+MPAverageColor.m"; sourceTree = "<group>"; };
		EAAD647A188638D0005E619C /* UIImage+MPImageEffects.h */ = {isa = PBXFileReference; fileEncoding = 4; lastKnownFileType = sourcecode.c.h; path = "UIImage+MPImageEffects.h"; sourceTree = "<group>"; };
		EAAD647B188638D0005E619C /* UIImage+MPImageEffects.m */ = {isa = PBXFileReference; fileEncoding = 4; lastKnownFileType = sourcecode.c.objc; path = "UIImage+MPImageEffects.m"; sourceTree = "<group>"; };
		EAAD647C188638D0005E619C /* UIView+MPSnapshotImage.h */ = {isa = PBXFileReference; fileEncoding = 4; lastKnownFileType = sourcecode.c.h; path = "UIView+MPSnapshotImage.h"; sourceTree = "<group>"; };
		EAAD647D188638D0005E619C /* UIView+MPSnapshotImage.m */ = {isa = PBXFileReference; fileEncoding = 4; lastKnownFileType = sourcecode.c.objc; path = "UIView+MPSnapshotImage.m"; sourceTree = "<group>"; };
		EABB2C90188DEE2E0005CBCF /* CWViewController.h */ = {isa = PBXFileReference; fileEncoding = 4; lastKnownFileType = sourcecode.c.h; path = CWViewController.h; sourceTree = "<group>"; };
		EABB2C91188DEE2E0005CBCF /* CWViewController.m */ = {isa = PBXFileReference; fileEncoding = 4; lastKnownFileType = sourcecode.c.objc; path = CWViewController.m; sourceTree = "<group>"; };
		EABB2C93188DFBE10005CBCF /* icon.png */ = {isa = PBXFileReference; lastKnownFileType = image.png; path = icon.png; sourceTree = "<group>"; };
		EABB2C94188DFBE10005CBCF /* icon@2x.png */ = {isa = PBXFileReference; lastKnownFileType = image.png; path = "icon@2x.png"; sourceTree = "<group>"; };
		EABB2C97188E251F0005CBCF /* t-shirt.png */ = {isa = PBXFileReference; lastKnownFileType = image.png; path = "t-shirt.png"; sourceTree = "<group>"; };
		EABB2C99188E27B90005CBCF /* long-sleeve.png */ = {isa = PBXFileReference; lastKnownFileType = image.png; name = "long-sleeve.png"; path = "../long-sleeve.png"; sourceTree = "<group>"; };
		EABB2C9B188E326C0005CBCF /* pants.png */ = {isa = PBXFileReference; lastKnownFileType = image.png; path = pants.png; sourceTree = "<group>"; };
		EABB2C9C188E326C0005CBCF /* shorts.png */ = {isa = PBXFileReference; lastKnownFileType = image.png; path = shorts.png; sourceTree = "<group>"; };
		EAED67B31886A7C700DF637A /* cwrough.png */ = {isa = PBXFileReference; lastKnownFileType = image.png; name = cwrough.png; path = ../cwrough.png; sourceTree = "<group>"; };
		EAED67B51886A8A800DF637A /* corner.png */ = {isa = PBXFileReference; lastKnownFileType = image.png; path = corner.png; sourceTree = "<group>"; };
		EAED67B71886A92F00DF637A /* corner2.png */ = {isa = PBXFileReference; lastKnownFileType = image.png; path = corner2.png; sourceTree = "<group>"; };
/* End PBXFileReference section */

/* Begin PBXFrameworksBuildPhase section */
		EA6EA973182F0123002B063E /* Frameworks */ = {
			isa = PBXFrameworksBuildPhase;
			buildActionMask = 2147483647;
			files = (
				EA1FC5721884E93B00BBC1DD /* StoreKit.framework in Frameworks */,
				EA1FC5701884E92F00BBC1DD /* Security.framework in Frameworks */,
				EA1FC56E1884E92600BBC1DD /* QuartzCore.framework in Frameworks */,
				EA1FC56C1884E91A00BBC1DD /* libz.1.1.3.dylib in Frameworks */,
				EA1FC56A1884E90400BBC1DD /* CFNetwork.framework in Frameworks */,
				EA1FC5681884E8FC00BBC1DD /* AudioToolbox.framework in Frameworks */,
				3A751388182F19B500BD0A9D /* CoreLocation.framework in Frameworks */,
				EA6EA9D4182F0FD9002B063E /* SystemConfiguration.framework in Frameworks */,
				EA6EA9D2182F0FC9002B063E /* MobileCoreServices.framework in Frameworks */,
				EA1FC5661884E8C400BBC1DD /* Parse.framework in Frameworks */,
				EA6EA97C182F0123002B063E /* CoreGraphics.framework in Frameworks */,
				EA6EA97E182F0123002B063E /* UIKit.framework in Frameworks */,
				EA6EA97A182F0123002B063E /* Foundation.framework in Frameworks */,
			);
			runOnlyForDeploymentPostprocessing = 0;
		};
		EA6EA994182F0124002B063E /* Frameworks */ = {
			isa = PBXFrameworksBuildPhase;
			buildActionMask = 2147483647;
			files = (
				EA6EA999182F0124002B063E /* XCTest.framework in Frameworks */,
				EA6EA99B182F0124002B063E /* UIKit.framework in Frameworks */,
				EA6EA99A182F0124002B063E /* Foundation.framework in Frameworks */,
			);
			runOnlyForDeploymentPostprocessing = 0;
		};
/* End PBXFrameworksBuildPhase section */

/* Begin PBXGroup section */
		EA3C9AB0187680FC00FD205F /* models */ = {
			isa = PBXGroup;
			children = (
				EA3C9AB9187687CC00FD205F /* CWItem.h */,
				EA3C9ABA187687CC00FD205F /* CWItem.m */,
				EA3C9ABC187687EA00FD205F /* CWScore.h */,
				EA3C9ABD187687EA00FD205F /* CWScore.m */,
				EA3C9ABF1876881B00FD205F /* CWCondition.h */,
				EA3C9AC01876881B00FD205F /* CWCondition.m */,
			);
			name = models;
			sourceTree = "<group>";
		};
		EA6EA96D182F0123002B063E = {
			isa = PBXGroup;
			children = (
				EAAD632918863343005E619C /* Mixpanel */,
				EAAD631A1885FE4E005E619C /* views */,
				EA1FC5651884E8C400BBC1DD /* Parse.framework */,
				EA3C9AB0187680FC00FD205F /* models */,
				EAA32FFE18311C3900888B9E /* ForecastKit */,
				EA6EA9AE182F0CAB002B063E /* AFNetworking */,
				EAA32FFC18311BD900888B9E /* storyboards */,
				EAA32FFD18311C3000888B9E /* datasource */,
				EA6EA97F182F0123002B063E /* controllers */,
				EAA32FFB18311BCA00888B9E /* delegate */,
				EA6EA99E182F0124002B063E /* weather-retryTests */,
				EA6EA980182F0123002B063E /* Supporting Files */,
				EA6EA978182F0123002B063E /* Frameworks */,
				EA6EA977182F0123002B063E /* Products */,
			);
			sourceTree = "<group>";
		};
		EA6EA977182F0123002B063E /* Products */ = {
			isa = PBXGroup;
			children = (
				EA6EA976182F0123002B063E /* weather-retry.app */,
				EA6EA997182F0124002B063E /* weather-retryTests.xctest */,
			);
			name = Products;
			sourceTree = "<group>";
		};
		EA6EA978182F0123002B063E /* Frameworks */ = {
			isa = PBXGroup;
			children = (
				EA1FC5711884E93B00BBC1DD /* StoreKit.framework */,
				EA1FC56F1884E92F00BBC1DD /* Security.framework */,
				EA1FC56D1884E92600BBC1DD /* QuartzCore.framework */,
				EA1FC56B1884E91A00BBC1DD /* libz.1.1.3.dylib */,
				EA1FC5691884E90400BBC1DD /* CFNetwork.framework */,
				EA1FC5671884E8FC00BBC1DD /* AudioToolbox.framework */,
				3A751387182F19B500BD0A9D /* CoreLocation.framework */,
				EA6EA9D3182F0FD9002B063E /* SystemConfiguration.framework */,
				EA6EA9D1182F0FC9002B063E /* MobileCoreServices.framework */,
				EA6EA979182F0123002B063E /* Foundation.framework */,
				EA6EA97B182F0123002B063E /* CoreGraphics.framework */,
				EA6EA97D182F0123002B063E /* UIKit.framework */,
				EA6EA998182F0124002B063E /* XCTest.framework */,
			);
			name = Frameworks;
			sourceTree = "<group>";
		};
		EA6EA97F182F0123002B063E /* controllers */ = {
			isa = PBXGroup;
			children = (
				EA6EA9CE182F0DC6002B063E /* FKViewController.h */,
				EA6EA9CF182F0DC6002B063E /* FKViewController.m */,
				EA1FC5731884ED4D00BBC1DD /* CWStartScreenViewController.h */,
				EA1FC5741884ED4D00BBC1DD /* CWStartScreenViewController.m */,
				EA1FC5761884EDAE00BBC1DD /* CWLoginViewController.h */,
				EA1FC5771884EDAE00BBC1DD /* CWLoginViewController.m */,
				EA1FC5791884EDBC00BBC1DD /* CWSignUpViewController.h */,
				EA1FC57A1884EDBC00BBC1DD /* CWSignUpViewController.m */,
				EAAD63161885FDBE005E619C /* CWClosetViewController.h */,
				EAAD63171885FDBE005E619C /* CWClosetViewController.m */,
				EA1FC5621884E5FF00BBC1DD /* CWTestAddItemViewController.h */,
				EA1FC5631884E5FF00BBC1DD /* CWTestAddItemViewController.m */,
				EA3C9AB11876813400FD205F /* CWTestViewController.h */,
				EA3C9AB21876813400FD205F /* CWTestViewController.m */,
				EABB2C90188DEE2E0005CBCF /* CWViewController.h */,
				EABB2C91188DEE2E0005CBCF /* CWViewController.m */,
			);
			name = controllers;
			path = "weather-retry";
			sourceTree = "<group>";
		};
		EA6EA980182F0123002B063E /* Supporting Files */ = {
			isa = PBXGroup;
			children = (
				EABB2C97188E251F0005CBCF /* t-shirt.png */,
				EABB2C99188E27B90005CBCF /* long-sleeve.png */,
				EABB2C9B188E326C0005CBCF /* pants.png */,
				EABB2C9C188E326C0005CBCF /* shorts.png */,
				EA6AF9EC188F5A7A0080ADDE /* jacket.png */,
				EABB2C93188DFBE10005CBCF /* icon.png */,
				EABB2C94188DFBE10005CBCF /* icon@2x.png */,
				EAED67B71886A92F00DF637A /* corner2.png */,
				EAED67B51886A8A800DF637A /* corner.png */,
				EAED67B31886A7C700DF637A /* cwrough.png */,
				EA6EA991182F0123002B063E /* Images.xcassets */,
				EA6EA981182F0123002B063E /* weather-retry-Info.plist */,
				EA6EA982182F0123002B063E /* InfoPlist.strings */,
				EA6EA985182F0123002B063E /* main.m */,
				EA6EA987182F0123002B063E /* weather-retry-Prefix.pch */,
				EAAD632418862C3D005E619C /* Podfile */,
			);
			name = "Supporting Files";
			path = "weather-retry";
			sourceTree = "<group>";
		};
		EA6EA99E182F0124002B063E /* weather-retryTests */ = {
			isa = PBXGroup;
			children = (
				EA6EA9A4182F0124002B063E /* weather_retryTests.m */,
				EA6EA99F182F0124002B063E /* Supporting Files */,
			);
			path = "weather-retryTests";
			sourceTree = "<group>";
		};
		EA6EA99F182F0124002B063E /* Supporting Files */ = {
			isa = PBXGroup;
			children = (
				EA6EA9A0182F0124002B063E /* weather-retryTests-Info.plist */,
				EA6EA9A1182F0124002B063E /* InfoPlist.strings */,
			);
			name = "Supporting Files";
			sourceTree = "<group>";
		};
		EA6EA9AE182F0CAB002B063E /* AFNetworking */ = {
			isa = PBXGroup;
			children = (
				EA6EA9AF182F0CAB002B063E /* AFHTTPClient.h */,
				EA6EA9B0182F0CAB002B063E /* AFHTTPClient.m */,
				EA6EA9B1182F0CAB002B063E /* AFHTTPRequestOperation.h */,
				EA6EA9B2182F0CAB002B063E /* AFHTTPRequestOperation.m */,
				EA6EA9B3182F0CAB002B063E /* AFImageRequestOperation.h */,
				EA6EA9B4182F0CAB002B063E /* AFImageRequestOperation.m */,
				EA6EA9B5182F0CAB002B063E /* AFJSONRequestOperation.h */,
				EA6EA9B6182F0CAB002B063E /* AFJSONRequestOperation.m */,
				EA6EA9B7182F0CAB002B063E /* AFNetworkActivityIndicatorManager.h */,
				EA6EA9B8182F0CAB002B063E /* AFNetworkActivityIndicatorManager.m */,
				EA6EA9B9182F0CAB002B063E /* AFNetworking.h */,
				EA6EA9BA182F0CAB002B063E /* AFPropertyListRequestOperation.h */,
				EA6EA9BB182F0CAB002B063E /* AFPropertyListRequestOperation.m */,
				EA6EA9BC182F0CAB002B063E /* AFURLConnectionOperation.h */,
				EA6EA9BD182F0CAB002B063E /* AFURLConnectionOperation.m */,
				EA6EA9BE182F0CAB002B063E /* AFXMLRequestOperation.h */,
				EA6EA9BF182F0CAB002B063E /* AFXMLRequestOperation.m */,
				EA6EA9C0182F0CAB002B063E /* UIImageView+AFNetworking.h */,
				EA6EA9C1182F0CAB002B063E /* UIImageView+AFNetworking.m */,
			);
			name = AFNetworking;
			path = "weather-retry/AFNetworking";
			sourceTree = "<group>";
		};
		EAA32FFB18311BCA00888B9E /* delegate */ = {
			isa = PBXGroup;
			children = (
				EA6EA988182F0123002B063E /* AppDelegate.h */,
				EA6EA989182F0123002B063E /* AppDelegate.m */,
			);
			name = delegate;
			path = "weather-retry";
			sourceTree = "<group>";
		};
		EAA32FFC18311BD900888B9E /* storyboards */ = {
			isa = PBXGroup;
			children = (
				EA6EA98B182F0123002B063E /* Main.storyboard */,
				EA3C9AB41876815500FD205F /* Test.storyboard */,
			);
			name = storyboards;
			path = "weather-retry";
			sourceTree = "<group>";
		};
		EAA32FFD18311C3000888B9E /* datasource */ = {
			isa = PBXGroup;
			children = (
				EA3C9AB6187687A100FD205F /* CWClosetDataSource.h */,
				EA3C9AB7187687A100FD205F /* CWClosetDataSource.m */,
				EAA32FF81831081F00888B9E /* ForecastDataSource.h */,
				EAA32FF91831081F00888B9E /* ForecastDataSource.m */,
				EAAD6321188600A2005E619C /* ParseDataSource.h */,
				EAAD6322188600A2005E619C /* ParseDataSource.m */,
			);
			name = datasource;
			sourceTree = "<group>";
		};
		EAA32FFE18311C3900888B9E /* ForecastKit */ = {
			isa = PBXGroup;
			children = (
				EA6EA9CB182F0D5F002B063E /* ForecastKit.h */,
				EA6EA9CC182F0D5F002B063E /* ForecastKit.m */,
			);
			name = ForecastKit;
			sourceTree = "<group>";
		};
		EAAD631A1885FE4E005E619C /* views */ = {
			isa = PBXGroup;
			children = (
				EAAD631E1885FED9005E619C /* CWClosetCell.h */,
				EAAD631F1885FED9005E619C /* CWClosetCell.m */,
			);
			name = views;
			sourceTree = "<group>";
		};
		EAAD632918863343005E619C /* Mixpanel */ = {
			isa = PBXGroup;
			children = (
				EAAD646C188638D0005E619C /* Mixpanel.h */,
				EAAD646D188638D0005E619C /* Mixpanel.m */,
				EAAD6487188638DD005E619C /* stuff */,
			);
			name = Mixpanel;
			sourceTree = "<group>";
		};
		EAAD6487188638DD005E619C /* stuff */ = {
			isa = PBXGroup;
			children = (
				EAAD646E188638D0005E619C /* MPSurvey.h */,
				EAAD646F188638D0005E619C /* MPSurvey.m */,
				EAAD6470188638D0005E619C /* MPSurveyNavigationController.h */,
				EAAD6471188638D0005E619C /* MPSurveyNavigationController.m */,
				EAAD6472188638D0005E619C /* MPSurveyQuestion.h */,
				EAAD6473188638D0005E619C /* MPSurveyQuestion.m */,
				EAAD6474188638D0005E619C /* MPSurveyQuestionViewController.h */,
				EAAD6475188638D0005E619C /* MPSurveyQuestionViewController.m */,
				EAAD6476188638D0005E619C /* NSData+MPBase64.h */,
				EAAD6477188638D0005E619C /* NSData+MPBase64.m */,
				EAAD6478188638D0005E619C /* UIImage+MPAverageColor.h */,
				EAAD6479188638D0005E619C /* UIImage+MPAverageColor.m */,
				EAAD647A188638D0005E619C /* UIImage+MPImageEffects.h */,
				EAAD647B188638D0005E619C /* UIImage+MPImageEffects.m */,
				EAAD647C188638D0005E619C /* UIView+MPSnapshotImage.h */,
				EAAD647D188638D0005E619C /* UIView+MPSnapshotImage.m */,
			);
			name = stuff;
			sourceTree = "<group>";
		};
/* End PBXGroup section */

/* Begin PBXNativeTarget section */
		EA6EA975182F0123002B063E /* weather-retry */ = {
			isa = PBXNativeTarget;
			buildConfigurationList = EA6EA9A8182F0124002B063E /* Build configuration list for PBXNativeTarget "weather-retry" */;
			buildPhases = (
				EA6EA972182F0123002B063E /* Sources */,
				EA6EA973182F0123002B063E /* Frameworks */,
				EA6EA974182F0123002B063E /* Resources */,
			);
			buildRules = (
			);
			dependencies = (
			);
			name = "weather-retry";
			productName = "weather-retry";
			productReference = EA6EA976182F0123002B063E /* weather-retry.app */;
			productType = "com.apple.product-type.application";
		};
		EA6EA996182F0124002B063E /* weather-retryTests */ = {
			isa = PBXNativeTarget;
			buildConfigurationList = EA6EA9AB182F0124002B063E /* Build configuration list for PBXNativeTarget "weather-retryTests" */;
			buildPhases = (
				EA6EA993182F0124002B063E /* Sources */,
				EA6EA994182F0124002B063E /* Frameworks */,
				EA6EA995182F0124002B063E /* Resources */,
			);
			buildRules = (
			);
			dependencies = (
				EA6EA99D182F0124002B063E /* PBXTargetDependency */,
			);
			name = "weather-retryTests";
			productName = "weather-retryTests";
			productReference = EA6EA997182F0124002B063E /* weather-retryTests.xctest */;
			productType = "com.apple.product-type.bundle.unit-test";
		};
/* End PBXNativeTarget section */

/* Begin PBXProject section */
		EA6EA96E182F0123002B063E /* Project object */ = {
			isa = PBXProject;
			attributes = {
				LastUpgradeCheck = 0500;
				ORGANIZATIONNAME = tonyalbor;
				TargetAttributes = {
					EA6EA996182F0124002B063E = {
						TestTargetID = EA6EA975182F0123002B063E;
					};
				};
			};
			buildConfigurationList = EA6EA971182F0123002B063E /* Build configuration list for PBXProject "weather-retry" */;
			compatibilityVersion = "Xcode 3.2";
			developmentRegion = English;
			hasScannedForEncodings = 0;
			knownRegions = (
				en,
				Base,
			);
			mainGroup = EA6EA96D182F0123002B063E;
			productRefGroup = EA6EA977182F0123002B063E /* Products */;
			projectDirPath = "";
			projectRoot = "";
			targets = (
				EA6EA975182F0123002B063E /* weather-retry */,
				EA6EA996182F0124002B063E /* weather-retryTests */,
			);
		};
/* End PBXProject section */

/* Begin PBXResourcesBuildPhase section */
		EA6EA974182F0123002B063E /* Resources */ = {
			isa = PBXResourcesBuildPhase;
			buildActionMask = 2147483647;
			files = (
				EAAD632518862C3D005E619C /* Podfile in Resources */,
				EAED67B81886A92F00DF637A /* corner2.png in Resources */,
				EABB2C9E188E326C0005CBCF /* shorts.png in Resources */,
				EABB2C95188DFBE10005CBCF /* icon.png in Resources */,
				EABB2C9D188E326C0005CBCF /* pants.png in Resources */,
				EABB2C98188E251F0005CBCF /* t-shirt.png in Resources */,
				EAED67B41886A7C700DF637A /* cwrough.png in Resources */,
				EA6AF9ED188F5A7A0080ADDE /* jacket.png in Resources */,
				EA6EA992182F0123002B063E /* Images.xcassets in Resources */,
				EA6EA984182F0123002B063E /* InfoPlist.strings in Resources */,
				EABB2C9A188E27B90005CBCF /* long-sleeve.png in Resources */,
				EA3C9AB51876815500FD205F /* Test.storyboard in Resources */,
				EAED67B61886A8A800DF637A /* corner.png in Resources */,
				EA6EA98D182F0123002B063E /* Main.storyboard in Resources */,
				EABB2C96188DFBE10005CBCF /* icon@2x.png in Resources */,
			);
			runOnlyForDeploymentPostprocessing = 0;
		};
		EA6EA995182F0124002B063E /* Resources */ = {
			isa = PBXResourcesBuildPhase;
			buildActionMask = 2147483647;
			files = (
				EA6EA9A3182F0124002B063E /* InfoPlist.strings in Resources */,
			);
			runOnlyForDeploymentPostprocessing = 0;
		};
/* End PBXResourcesBuildPhase section */

/* Begin PBXSourcesBuildPhase section */
		EA6EA972182F0123002B063E /* Sources */ = {
			isa = PBXSourcesBuildPhase;
			buildActionMask = 2147483647;
			files = (
				EA3C9AB8187687A100FD205F /* CWClosetDataSource.m in Sources */,
				EAAD6485188638D0005E619C /* UIImage+MPImageEffects.m in Sources */,
				EA1FC5641884E5FF00BBC1DD /* CWTestAddItemViewController.m in Sources */,
				EA6EA9C4182F0CAB002B063E /* AFImageRequestOperation.m in Sources */,
				EA1FC5751884ED4D00BBC1DD /* CWStartScreenViewController.m in Sources */,
				EAAD6486188638D0005E619C /* UIView+MPSnapshotImage.m in Sources */,
				EA6EA9C7182F0CAB002B063E /* AFPropertyListRequestOperation.m in Sources */,
				EAA32FFA1831081F00888B9E /* ForecastDataSource.m in Sources */,
				EAAD6484188638D0005E619C /* UIImage+MPAverageColor.m in Sources */,
				EAAD63181885FDBE005E619C /* CWClosetViewController.m in Sources */,
				EAAD647E188638D0005E619C /* Mixpanel.m in Sources */,
				EA3C9ABB187687CC00FD205F /* CWItem.m in Sources */,
				EAAD6480188638D0005E619C /* MPSurveyNavigationController.m in Sources */,
				EAAD6482188638D0005E619C /* MPSurveyQuestionViewController.m in Sources */,
				EABB2C92188DEE2E0005CBCF /* CWViewController.m in Sources */,
				EA6EA9D0182F0DC6002B063E /* FKViewController.m in Sources */,
				EAAD63201885FED9005E619C /* CWClosetCell.m in Sources */,
				EA1FC5781884EDAE00BBC1DD /* CWLoginViewController.m in Sources */,
				EA6EA98A182F0123002B063E /* AppDelegate.m in Sources */,
				EA6EA9C8182F0CAB002B063E /* AFURLConnectionOperation.m in Sources */,
				EA3C9ABE187687EA00FD205F /* CWScore.m in Sources */,
				EA6EA9C9182F0CAB002B063E /* AFXMLRequestOperation.m in Sources */,
				EA6EA9C5182F0CAB002B063E /* AFJSONRequestOperation.m in Sources */,
				EA6EA9CA182F0CAB002B063E /* UIImageView+AFNetworking.m in Sources */,
				EAAD6483188638D0005E619C /* NSData+MPBase64.m in Sources */,
				EA6EA9C6182F0CAB002B063E /* AFNetworkActivityIndicatorManager.m in Sources */,
				EAAD6481188638D0005E619C /* MPSurveyQuestion.m in Sources */,
				EA6EA9CD182F0D5F002B063E /* ForecastKit.m in Sources */,
				EAAD647F188638D0005E619C /* MPSurvey.m in Sources */,
				EA6EA9C3182F0CAB002B063E /* AFHTTPRequestOperation.m in Sources */,
				EA3C9AB31876813400FD205F /* CWTestViewController.m in Sources */,
				EA6EA986182F0123002B063E /* main.m in Sources */,
				EAAD6323188600A2005E619C /* ParseDataSource.m in Sources */,
				EA1FC57B1884EDBC00BBC1DD /* CWSignUpViewController.m in Sources */,
				EA3C9AC11876881B00FD205F /* CWCondition.m in Sources */,
				EA6EA9C2182F0CAB002B063E /* AFHTTPClient.m in Sources */,
			);
			runOnlyForDeploymentPostprocessing = 0;
		};
		EA6EA993182F0124002B063E /* Sources */ = {
			isa = PBXSourcesBuildPhase;
			buildActionMask = 2147483647;
			files = (
				EA6EA9A5182F0124002B063E /* weather_retryTests.m in Sources */,
			);
			runOnlyForDeploymentPostprocessing = 0;
		};
/* End PBXSourcesBuildPhase section */

/* Begin PBXTargetDependency section */
		EA6EA99D182F0124002B063E /* PBXTargetDependency */ = {
			isa = PBXTargetDependency;
			target = EA6EA975182F0123002B063E /* weather-retry */;
			targetProxy = EA6EA99C182F0124002B063E /* PBXContainerItemProxy */;
		};
/* End PBXTargetDependency section */

/* Begin PBXVariantGroup section */
		EA6EA982182F0123002B063E /* InfoPlist.strings */ = {
			isa = PBXVariantGroup;
			children = (
				EA6EA983182F0123002B063E /* en */,
			);
			name = InfoPlist.strings;
			sourceTree = "<group>";
		};
		EA6EA98B182F0123002B063E /* Main.storyboard */ = {
			isa = PBXVariantGroup;
			children = (
				EA6EA98C182F0123002B063E /* Base */,
			);
			name = Main.storyboard;
			sourceTree = "<group>";
		};
		EA6EA9A1182F0124002B063E /* InfoPlist.strings */ = {
			isa = PBXVariantGroup;
			children = (
				EA6EA9A2182F0124002B063E /* en */,
			);
			name = InfoPlist.strings;
			sourceTree = "<group>";
		};
/* End PBXVariantGroup section */

/* Begin XCBuildConfiguration section */
		EA6EA9A6182F0124002B063E /* Debug */ = {
			isa = XCBuildConfiguration;
			buildSettings = {
				ALWAYS_SEARCH_USER_PATHS = NO;
				ARCHS = "$(ARCHS_STANDARD_INCLUDING_64_BIT)";
				CLANG_CXX_LANGUAGE_STANDARD = "gnu++0x";
				CLANG_CXX_LIBRARY = "libc++";
				CLANG_ENABLE_MODULES = YES;
				CLANG_ENABLE_OBJC_ARC = YES;
				CLANG_WARN_BOOL_CONVERSION = YES;
				CLANG_WARN_CONSTANT_CONVERSION = YES;
				CLANG_WARN_DIRECT_OBJC_ISA_USAGE = YES_ERROR;
				CLANG_WARN_EMPTY_BODY = YES;
				CLANG_WARN_ENUM_CONVERSION = YES;
				CLANG_WARN_INT_CONVERSION = YES;
				CLANG_WARN_OBJC_ROOT_CLASS = YES_ERROR;
				CLANG_WARN__DUPLICATE_METHOD_MATCH = YES;
				"CODE_SIGN_IDENTITY[sdk=iphoneos*]" = "iPhone Developer";
				COPY_PHASE_STRIP = NO;
				GCC_C_LANGUAGE_STANDARD = gnu99;
				GCC_DYNAMIC_NO_PIC = NO;
				GCC_OPTIMIZATION_LEVEL = 0;
				GCC_PREPROCESSOR_DEFINITIONS = (
					"DEBUG=1",
					"$(inherited)",
				);
				GCC_SYMBOLS_PRIVATE_EXTERN = NO;
				GCC_WARN_64_TO_32_BIT_CONVERSION = YES;
				GCC_WARN_ABOUT_RETURN_TYPE = YES_ERROR;
				GCC_WARN_UNDECLARED_SELECTOR = YES;
				GCC_WARN_UNINITIALIZED_AUTOS = YES;
				GCC_WARN_UNUSED_FUNCTION = YES;
				GCC_WARN_UNUSED_VARIABLE = YES;
				IPHONEOS_DEPLOYMENT_TARGET = 7.0;
				ONLY_ACTIVE_ARCH = YES;
				SDKROOT = iphoneos;
			};
			name = Debug;
		};
		EA6EA9A7182F0124002B063E /* Release */ = {
			isa = XCBuildConfiguration;
			buildSettings = {
				ALWAYS_SEARCH_USER_PATHS = NO;
				ARCHS = "$(ARCHS_STANDARD_INCLUDING_64_BIT)";
				CLANG_CXX_LANGUAGE_STANDARD = "gnu++0x";
				CLANG_CXX_LIBRARY = "libc++";
				CLANG_ENABLE_MODULES = YES;
				CLANG_ENABLE_OBJC_ARC = YES;
				CLANG_WARN_BOOL_CONVERSION = YES;
				CLANG_WARN_CONSTANT_CONVERSION = YES;
				CLANG_WARN_DIRECT_OBJC_ISA_USAGE = YES_ERROR;
				CLANG_WARN_EMPTY_BODY = YES;
				CLANG_WARN_ENUM_CONVERSION = YES;
				CLANG_WARN_INT_CONVERSION = YES;
				CLANG_WARN_OBJC_ROOT_CLASS = YES_ERROR;
				CLANG_WARN__DUPLICATE_METHOD_MATCH = YES;
				"CODE_SIGN_IDENTITY[sdk=iphoneos*]" = "iPhone Developer";
				COPY_PHASE_STRIP = YES;
				ENABLE_NS_ASSERTIONS = NO;
				GCC_C_LANGUAGE_STANDARD = gnu99;
				GCC_WARN_64_TO_32_BIT_CONVERSION = YES;
				GCC_WARN_ABOUT_RETURN_TYPE = YES_ERROR;
				GCC_WARN_UNDECLARED_SELECTOR = YES;
				GCC_WARN_UNINITIALIZED_AUTOS = YES;
				GCC_WARN_UNUSED_FUNCTION = YES;
				GCC_WARN_UNUSED_VARIABLE = YES;
				IPHONEOS_DEPLOYMENT_TARGET = 7.0;
				SDKROOT = iphoneos;
				VALIDATE_PRODUCT = YES;
			};
			name = Release;
		};
		EA6EA9A9182F0124002B063E /* Debug */ = {
			isa = XCBuildConfiguration;
			buildSettings = {
				ASSETCATALOG_COMPILER_APPICON_NAME = AppIcon;
				ASSETCATALOG_COMPILER_LAUNCHIMAGE_NAME = LaunchImage;
				FRAMEWORK_SEARCH_PATHS = (
					"$(inherited)",
					/Users/Tony/dev/weather2/weather,
				);
				GCC_PRECOMPILE_PREFIX_HEADER = YES;
				GCC_PREFIX_HEADER = "weather-retry/weather-retry-Prefix.pch";
				INFOPLIST_FILE = "weather-retry/weather-retry-Info.plist";
				PRODUCT_NAME = "$(TARGET_NAME)";
				WRAPPER_EXTENSION = app;
			};
			name = Debug;
		};
		EA6EA9AA182F0124002B063E /* Release */ = {
			isa = XCBuildConfiguration;
			buildSettings = {
				ASSETCATALOG_COMPILER_APPICON_NAME = AppIcon;
				ASSETCATALOG_COMPILER_LAUNCHIMAGE_NAME = LaunchImage;
				FRAMEWORK_SEARCH_PATHS = (
					"$(inherited)",
					/Users/Tony/dev/weather2/weather,
				);
				GCC_PRECOMPILE_PREFIX_HEADER = YES;
				GCC_PREFIX_HEADER = "weather-retry/weather-retry-Prefix.pch";
				INFOPLIST_FILE = "weather-retry/weather-retry-Info.plist";
				PRODUCT_NAME = "$(TARGET_NAME)";
				WRAPPER_EXTENSION = app;
			};
			name = Release;
		};
		EA6EA9AC182F0124002B063E /* Debug */ = {
			isa = XCBuildConfiguration;
			buildSettings = {
				ARCHS = "$(ARCHS_STANDARD_INCLUDING_64_BIT)";
				BUNDLE_LOADER = "$(BUILT_PRODUCTS_DIR)/weather-retry.app/weather-retry";
				FRAMEWORK_SEARCH_PATHS = (
					"$(SDKROOT)/Developer/Library/Frameworks",
					"$(inherited)",
					"$(DEVELOPER_FRAMEWORKS_DIR)",
				);
				GCC_PRECOMPILE_PREFIX_HEADER = YES;
				GCC_PREFIX_HEADER = "weather-retry/weather-retry-Prefix.pch";
				GCC_PREPROCESSOR_DEFINITIONS = (
					"DEBUG=1",
					"$(inherited)",
				);
				INFOPLIST_FILE = "weather-retryTests/weather-retryTests-Info.plist";
				PRODUCT_NAME = "$(TARGET_NAME)";
				TEST_HOST = "$(BUNDLE_LOADER)";
				WRAPPER_EXTENSION = xctest;
			};
			name = Debug;
		};
		EA6EA9AD182F0124002B063E /* Release */ = {
			isa = XCBuildConfiguration;
			buildSettings = {
				ARCHS = "$(ARCHS_STANDARD_INCLUDING_64_BIT)";
				BUNDLE_LOADER = "$(BUILT_PRODUCTS_DIR)/weather-retry.app/weather-retry";
				FRAMEWORK_SEARCH_PATHS = (
					"$(SDKROOT)/Developer/Library/Frameworks",
					"$(inherited)",
					"$(DEVELOPER_FRAMEWORKS_DIR)",
				);
				GCC_PRECOMPILE_PREFIX_HEADER = YES;
				GCC_PREFIX_HEADER = "weather-retry/weather-retry-Prefix.pch";
				INFOPLIST_FILE = "weather-retryTests/weather-retryTests-Info.plist";
				PRODUCT_NAME = "$(TARGET_NAME)";
				TEST_HOST = "$(BUNDLE_LOADER)";
				WRAPPER_EXTENSION = xctest;
			};
			name = Release;
		};
/* End XCBuildConfiguration section */

/* Begin XCConfigurationList section */
		EA6EA971182F0123002B063E /* Build configuration list for PBXProject "weather-retry" */ = {
			isa = XCConfigurationList;
			buildConfigurations = (
				EA6EA9A6182F0124002B063E /* Debug */,
				EA6EA9A7182F0124002B063E /* Release */,
			);
			defaultConfigurationIsVisible = 0;
			defaultConfigurationName = Release;
		};
		EA6EA9A8182F0124002B063E /* Build configuration list for PBXNativeTarget "weather-retry" */ = {
			isa = XCConfigurationList;
			buildConfigurations = (
				EA6EA9A9182F0124002B063E /* Debug */,
				EA6EA9AA182F0124002B063E /* Release */,
			);
			defaultConfigurationIsVisible = 0;
			defaultConfigurationName = Release;
		};
		EA6EA9AB182F0124002B063E /* Build configuration list for PBXNativeTarget "weather-retryTests" */ = {
			isa = XCConfigurationList;
			buildConfigurations = (
				EA6EA9AC182F0124002B063E /* Debug */,
				EA6EA9AD182F0124002B063E /* Release */,
			);
			defaultConfigurationIsVisible = 0;
			defaultConfigurationName = Release;
		};
/* End XCConfigurationList section */
	};
	rootObject = EA6EA96E182F0123002B063E /* Project object */;
}
